
Microsoft Visual Studio Solution File, Format Version 12.00
# Visual Studio Version 17
VisualStudioVersion = 17.3.32901.215
MinimumVisualStudioVersion = 10.0.40219.1
Project("{FAE04EC0-301F-11D3-BF4B-00C04F79EFBC}") = "Run", "Run\Run.csproj", "{B11704CD-65CE-4B5C-AC92-5CB2986EC75A}"
EndProject
Project("{FAE04EC0-301F-11D3-BF4B-00C04F79EFBC}") = "Collections", "Collections\Collections.csproj", "{696E07D7-6D79-4E7A-8815-DC51D963B681}"
EndProject
Project("{FAE04EC0-301F-11D3-BF4B-00C04F79EFBC}") = "Sets", "Sets\Sets.csproj", "{492DBAFB-6C53-45D6-9AC0-DB8A08FDDA7F}"
EndProject
Project("{FAE04EC0-301F-11D3-BF4B-00C04F79EFBC}") = "Lists", "Lists\Lists.csproj", "{D8081E3E-435D-4F8E-B134-25308ACE8C53}"
EndProject
Project("{FAE04EC0-301F-11D3-BF4B-00C04F79EFBC}") = "Stacks", "Stacks\Stacks.csproj", "{390DA9AF-F24F-46B3-BA2B-86125AD03AF1}"
EndProject
Project("{FAE04EC0-301F-11D3-BF4B-00C04F79EFBC}") = "TowerOfHanoi", "TowerOfHanoi\TowerOfHanoi.csproj", "{3647EFBC-B02E-416A-B707-54B05DE5794F}"
EndProject
Project("{FAE04EC0-301F-11D3-BF4B-00C04F79EFBC}") = "MazeRunner", "MazeRunner\MazeRunner.csproj", "{AB56B0E6-4B61-4F8F-B82A-4529C9A8A5C4}"
EndProject
Project("{FAE04EC0-301F-11D3-BF4B-00C04F79EFBC}") = "Queues", "Queues\Queues.csproj", "{D48CA2D8-AE1E-4A62-AC8E-17DFA32BD155}"
EndProject
Global
	GlobalSection(SolutionConfigurationPlatforms) = preSolution
		Debug|Any CPU = Debug|Any CPU
		Debug|x86 = Debug|x86
		Release|Any CPU = Release|Any CPU
		Release|x86 = Release|x86
	EndGlobalSection
	GlobalSection(ProjectConfigurationPlatforms) = postSolution
		{B11704CD-65CE-4B5C-AC92-5CB2986EC75A}.Debug|Any CPU.ActiveCfg = Debug|Any CPU
		{B11704CD-65CE-4B5C-AC92-5CB2986EC75A}.Debug|Any CPU.Build.0 = Debug|Any CPU
		{B11704CD-65CE-4B5C-AC92-5CB2986EC75A}.Debug|x86.ActiveCfg = Debug|Any CPU
		{B11704CD-65CE-4B5C-AC92-5CB2986EC75A}.Debug|x86.Build.0 = Debug|Any CPU
		{B11704CD-65CE-4B5C-AC92-5CB2986EC75A}.Release|Any CPU.ActiveCfg = Release|Any CPU
		{B11704CD-65CE-4B5C-AC92-5CB2986EC75A}.Release|Any CPU.Build.0 = Release|Any CPU
		{B11704CD-65CE-4B5C-AC92-5CB2986EC75A}.Release|x86.ActiveCfg = Release|Any CPU
		{B11704CD-65CE-4B5C-AC92-5CB2986EC75A}.Release|x86.Build.0 = Release|Any CPU
		{696E07D7-6D79-4E7A-8815-DC51D963B681}.Debug|Any CPU.ActiveCfg = Debug|Any CPU
		{696E07D7-6D79-4E7A-8815-DC51D963B681}.Debug|Any CPU.Build.0 = Debug|Any CPU
		{696E07D7-6D79-4E7A-8815-DC51D963B681}.Debug|x86.ActiveCfg = Debug|Any CPU
		{696E07D7-6D79-4E7A-8815-DC51D963B681}.Debug|x86.Build.0 = Debug|Any CPU
		{696E07D7-6D79-4E7A-8815-DC51D963B681}.Release|Any CPU.ActiveCfg = Release|Any CPU
		{696E07D7-6D79-4E7A-8815-DC51D963B681}.Release|Any CPU.Build.0 = Release|Any CPU
		{696E07D7-6D79-4E7A-8815-DC51D963B681}.Release|x86.ActiveCfg = Release|Any CPU
		{696E07D7-6D79-4E7A-8815-DC51D963B681}.Release|x86.Build.0 = Release|Any CPU
		{492DBAFB-6C53-45D6-9AC0-DB8A08FDDA7F}.Debug|Any CPU.ActiveCfg = Debug|Any CPU
		{492DBAFB-6C53-45D6-9AC0-DB8A08FDDA7F}.Debug|Any CPU.Build.0 = Debug|Any CPU
		{492DBAFB-6C53-45D6-9AC0-DB8A08FDDA7F}.Debug|x86.ActiveCfg = Debug|Any CPU
		{492DBAFB-6C53-45D6-9AC0-DB8A08FDDA7F}.Debug|x86.Build.0 = Debug|Any CPU
		{492DBAFB-6C53-45D6-9AC0-DB8A08FDDA7F}.Release|Any CPU.ActiveCfg = Release|Any CPU
		{492DBAFB-6C53-45D6-9AC0-DB8A08FDDA7F}.Release|Any CPU.Build.0 = Release|Any CPU
		{492DBAFB-6C53-45D6-9AC0-DB8A08FDDA7F}.Release|x86.ActiveCfg = Release|Any CPU
		{492DBAFB-6C53-45D6-9AC0-DB8A08FDDA7F}.Release|x86.Build.0 = Release|Any CPU
		{D8081E3E-435D-4F8E-B134-25308ACE8C53}.Debug|Any CPU.ActiveCfg = Debug|Any CPU
		{D8081E3E-435D-4F8E-B134-25308ACE8C53}.Debug|Any CPU.Build.0 = Debug|Any CPU
		{D8081E3E-435D-4F8E-B134-25308ACE8C53}.Debug|x86.ActiveCfg = Debug|Any CPU
		{D8081E3E-435D-4F8E-B134-25308ACE8C53}.Debug|x86.Build.0 = Debug|Any CPU
		{D8081E3E-435D-4F8E-B134-25308ACE8C53}.Release|Any CPU.ActiveCfg = Release|Any CPU
		{D8081E3E-435D-4F8E-B134-25308ACE8C53}.Release|Any CPU.Build.0 = Release|Any CPU
		{D8081E3E-435D-4F8E-B134-25308ACE8C53}.Release|x86.ActiveCfg = Release|Any CPU
		{D8081E3E-435D-4F8E-B134-25308ACE8C53}.Release|x86.Build.0 = Release|Any CPU
		{390DA9AF-F24F-46B3-BA2B-86125AD03AF1}.Debug|Any CPU.ActiveCfg = Debug|Any CPU
		{390DA9AF-F24F-46B3-BA2B-86125AD03AF1}.Debug|Any CPU.Build.0 = Debug|Any CPU
		{390DA9AF-F24F-46B3-BA2B-86125AD03AF1}.Debug|x86.ActiveCfg = Debug|Any CPU
		{390DA9AF-F24F-46B3-BA2B-86125AD03AF1}.Debug|x86.Build.0 = Debug|Any CPU
		{390DA9AF-F24F-46B3-BA2B-86125AD03AF1}.Release|Any CPU.ActiveCfg = Release|Any CPU
		{390DA9AF-F24F-46B3-BA2B-86125AD03AF1}.Release|Any CPU.Build.0 = Release|Any CPU
		{390DA9AF-F24F-46B3-BA2B-86125AD03AF1}.Release|x86.ActiveCfg = Release|Any CPU
		{390DA9AF-F24F-46B3-BA2B-86125AD03AF1}.Release|x86.Build.0 = Release|Any CPU
		{3647EFBC-B02E-416A-B707-54B05DE5794F}.Debug|Any CPU.ActiveCfg = Debug|Any CPU
		{3647EFBC-B02E-416A-B707-54B05DE5794F}.Debug|Any CPU.Build.0 = Debug|Any CPU
		{3647EFBC-B02E-416A-B707-54B05DE5794F}.Debug|x86.ActiveCfg = Debug|Any CPU
		{3647EFBC-B02E-416A-B707-54B05DE5794F}.Debug|x86.Build.0 = Debug|Any CPU
		{3647EFBC-B02E-416A-B707-54B05DE5794F}.Release|Any CPU.ActiveCfg = Release|Any CPU
		{3647EFBC-B02E-416A-B707-54B05DE5794F}.Release|Any CPU.Build.0 = Release|Any CPU
		{3647EFBC-B02E-416A-B707-54B05DE5794F}.Release|x86.ActiveCfg = Release|Any CPU
		{3647EFBC-B02E-416A-B707-54B05DE5794F}.Release|x86.Build.0 = Release|Any CPU
		{AB56B0E6-4B61-4F8F-B82A-4529C9A8A5C4}.Debug|Any CPU.ActiveCfg = Debug|Any CPU
		{AB56B0E6-4B61-4F8F-B82A-4529C9A8A5C4}.Debug|Any CPU.Build.0 = Debug|Any CPU
		{AB56B0E6-4B61-4F8F-B82A-4529C9A8A5C4}.Debug|x86.ActiveCfg = Debug|Any CPU
		{AB56B0E6-4B61-4F8F-B82A-4529C9A8A5C4}.Debug|x86.Build.0 = Debug|Any CPU
		{AB56B0E6-4B61-4F8F-B82A-4529C9A8A5C4}.Release|Any CPU.ActiveCfg = Release|Any CPU
		{AB56B0E6-4B61-4F8F-B82A-4529C9A8A5C4}.Release|Any CPU.Build.0 = Release|Any CPU
		{AB56B0E6-4B61-4F8F-B82A-4529C9A8A5C4}.Release|x86.ActiveCfg = Release|Any CPU
		{AB56B0E6-4B61-4F8F-B82A-4529C9A8A5C4}.Release|x86.Build.0 = Release|Any CPU
		{D48CA2D8-AE1E-4A62-AC8E-17DFA32BD155}.Debug|Any CPU.ActiveCfg = Debug|Any CPU
		{D48CA2D8-AE1E-4A62-AC8E-17DFA32BD155}.Debug|Any CPU.Build.0 = Debug|Any CPU
		{D48CA2D8-AE1E-4A62-AC8E-17DFA32BD155}.Debug|x86.ActiveCfg = Debug|Any CPU
		{D48CA2D8-AE1E-4A62-AC8E-17DFA32BD155}.Debug|x86.Build.0 = Debug|Any CPU
		{D48CA2D8-AE1E-4A62-AC8E-17DFA32BD155}.Release|Any CPU.ActiveCfg = Release|Any CPU
		{D48CA2D8-AE1E-4A62-AC8E-17DFA32BD155}.Release|Any CPU.Build.0 = Release|Any CPU
		{D48CA2D8-AE1E-4A62-AC8E-17DFA32BD155}.Release|x86.ActiveCfg = Release|Any CPU
		{D48CA2D8-AE1E-4A62-AC8E-17DFA32BD155}.Release|x86.Build.0 = Release|Any CPU
	EndGlobalSection
	GlobalSection(SolutionProperties) = preSolution
		HideSolutionNode = FALSE
	EndGlobalSection
	GlobalSection(ExtensibilityGlobals) = postSolution
		SolutionGuid = {B7E33210-4D6D-448C-85CB-28CA549C433E}
	EndGlobalSection
EndGlobal
